
Microsoft Visual Studio Solution File, Format Version 12.00
# Visual Studio Version 16
VisualStudioVersion = 16.0.30517.126
MinimumVisualStudioVersion = 10.0.40219.1
Project("{9A19103F-16F7-4668-BE54-9A1E7A4F7556}") = "KTApps.Core", "KTApps.Core\KTApps.Core.csproj", "{6739C018-0A90-4C92-A648-9F7338BC8B35}"
EndProject
Project("{9A19103F-16F7-4668-BE54-9A1E7A4F7556}") = "KTApps.Core.App", "KTApps.Core.App\KTApps.Core.App.csproj", "{B48BED81-5DA4-4263-BECB-475095DF94B4}"
EndProject
Project("{9A19103F-16F7-4668-BE54-9A1E7A4F7556}") = "KTApps.Core.LoggingService", "KTApps.Core.LoggingService\KTApps.Core.LoggingService.csproj", "{DB647A66-CCC0-4A26-B613-C67760CC6E37}"
EndProject
Project("{9A19103F-16F7-4668-BE54-9A1E7A4F7556}") = "KTApps.Core.Notification", "KTApps.Core.Notification\KTApps.Core.Notification.csproj", "{0325BC08-F52C-444E-A389-0956461150C8}"
EndProject
Project("{9A19103F-16F7-4668-BE54-9A1E7A4F7556}") = "KTApps.Core.Utils", "KTApps.Core.Utils\KTApps.Core.Utils.csproj", "{0C86770D-CC83-4B67-9FD6-0F92DCED24EC}"
EndProject
Project("{9A19103F-16F7-4668-BE54-9A1E7A4F7556}") = "KTApps.Domain", "KTApps.Domain\KTApps.Domain.csproj", "{AB22D0A6-7FE0-421F-95E4-4CF113ED2FF0}"
EndProject
Project("{9A19103F-16F7-4668-BE54-9A1E7A4F7556}") = "KTApps.Models", "KTApps.Models\KTApps.Models.csproj", "{A38E1958-9054-4EC6-B5C4-AA45AD4199D1}"
EndProject
Project("{9A19103F-16F7-4668-BE54-9A1E7A4F7556}") = "KTApps.AuthService", "KTApps.AuthService\KTApps.AuthService.csproj", "{29935AA0-CD97-4098-8E68-C94D62AB1D3B}"
EndProject
Project("{9A19103F-16F7-4668-BE54-9A1E7A4F7556}") = "KTApps.Import.Dynamic", "KTApps.Import.Dynamic\KTApps.Import.Dynamic.csproj", "{24896627-F672-4FB8-B47B-FACAAA71EF0C}"
EndProject
Project("{9A19103F-16F7-4668-BE54-9A1E7A4F7556}") = "KTApps.Core.ShareResources", "KTApps.Core.ShareResouces\KTApps.Core.ShareResources.csproj", "{340B15B5-982B-471F-BE35-1AFC9B02DC69}"
EndProject
Project("{9A19103F-16F7-4668-BE54-9A1E7A4F7556}") = "KTApps.ShareService", "KTApps.ShareService\KTApps.ShareService.csproj", "{EB797BD6-E5B4-4D00-884D-7610030CB47B}"
EndProject
Project("{9A19103F-16F7-4668-BE54-9A1E7A4F7556}") = "KTApps.ProfileService", "KTApps.ProfileService\KTApps.ProfileService.csproj", "{4A23F9CD-AB46-400B-8411-009DB45B6F24}"
EndProject
Project("{9A19103F-16F7-4668-BE54-9A1E7A4F7556}") = "KTApps.Core.App.Notifications", "KTApps.Core.App.Notifications\KTApps.Core.App.Notifications.csproj", "{D7BF5119-9A5F-4486-9BA9-A11CFB30138D}"
EndProject
Project("{9A19103F-16F7-4668-BE54-9A1E7A4F7556}") = "KTApps.Core.NotificationService", "KTApps.Core.NotificationService\KTApps.Core.NotificationService.csproj", "{EFE7080D-0EAD-4B3F-95C7-E28A7DA0B490}"
EndProject
Project("{2150E333-8FDC-42A3-9474-1A3956D46DE8}") = "Solution Items", "Solution Items", "{8B338E31-AA8B-41B0-A7A4-A74F2A219FB4}"
	ProjectSection(SolutionItems) = preProject
		copy-cmd.bat = copy-cmd.bat
	EndProjectSection
EndProject
Project("{9A19103F-16F7-4668-BE54-9A1E7A4F7556}") = "KTApp.Core.Resources", "KTApp.Core.Resources\KTApp.Core.Resources.csproj", "{795BC30D-0855-46A9-B67D-8CF6A20DD559}"
EndProject
Project("{9A19103F-16F7-4668-BE54-9A1E7A4F7556}") = "ConsoleTest", "ConsoleTest\ConsoleTest.csproj", "{668FD9AD-06A9-403E-BBED-A4DBEAE42A0B}"
EndProject
Project("{2150E333-8FDC-42A3-9474-1A3956D46DE8}") = "Version_1", "Version_1", "{345EACEC-7788-4133-A3B7-F01FC5124391}"
EndProject
Project("{2150E333-8FDC-42A3-9474-1A3956D46DE8}") = "Version_DevEx", "Version_DevEx", "{90EFBF3F-74CD-4567-9593-78D52FE3B836}"
EndProject
Project("{2150E333-8FDC-42A3-9474-1A3956D46DE8}") = "Share", "Share", "{E19ABD1C-DF6A-4135-9D3C-5E85D7E5F71E}"
EndProject
Project("{2150E333-8FDC-42A3-9474-1A3956D46DE8}") = "Core", "Core", "{6F35D777-AA99-4D71-94F1-A417DCEF42C9}"
EndProject
Project("{9A19103F-16F7-4668-BE54-9A1E7A4F7556}") = "Vinorsoft.Core.Domain", "Vinorsoft.Core.Domain\Vinorsoft.Core.Domain.csproj", "{432AC701-6FAD-4FAE-A722-346B6E0E329A}"
EndProject
Project("{2150E333-8FDC-42A3-9474-1A3956D46DE8}") = "Notifications", "Notifications", "{D4E413C2-21F8-4F12-9A84-5159EA1019DC}"
EndProject
Project("{9A19103F-16F7-4668-BE54-9A1E7A4F7556}") = "Vinorsoft.Core.NotiApp", "Vinorsoft.Core.NotiApp\Vinorsoft.Core.NotiApp.csproj", "{177123F6-CDCB-4017-A9F6-FA5FBF8A9CAB}"
EndProject
Project("{9A19103F-16F7-4668-BE54-9A1E7A4F7556}") = "Vinorsoft.Core.Resx", "Vinorsoft.Core.Resx\Vinorsoft.Core.Resx.csproj", "{6C5C9E1A-B3AA-48FC-BAA5-CE2F3409A6F8}"
EndProject
Project("{9A19103F-16F7-4668-BE54-9A1E7A4F7556}") = "Vinorsoft.Core", "Vinorsoft.Core\Vinorsoft.Core.csproj", "{C852E9F1-998A-4591-96EF-10FE23B8B387}"
EndProject
Project("{9A19103F-16F7-4668-BE54-9A1E7A4F7556}") = "Vinorsoft.Core.DTO", "Vinorsoft.Core.DTO\Vinorsoft.Core.DTO.csproj", "{047BB319-E444-4A00-AE52-9899AB284E7D}"
EndProject
Project("{9A19103F-16F7-4668-BE54-9A1E7A4F7556}") = "Vinorsoft.Core.ShareUI", "Vinorsoft.Core.ShareUI\Vinorsoft.Core.ShareUI.csproj", "{7E059A77-E951-40D3-AE7E-167157379009}"
EndProject
Project("{9A19103F-16F7-4668-BE54-9A1E7A4F7556}") = "Vinorsoft.Core.Entities", "Vinorsoft.Core.Entities\Vinorsoft.Core.Entities.csproj", "{F73C82CA-1315-4797-9FA6-DB6C52E3CFF0}"
EndProject
Project("{9A19103F-16F7-4668-BE54-9A1E7A4F7556}") = "Vinorsoft.Core.VDbContext", "Vinorsoft.Core.VDbContext\Vinorsoft.Core.VDbContext.csproj", "{2DFF9069-5B89-4D8C-8526-7817CA6B60D1}"
EndProject
Project("{9A19103F-16F7-4668-BE54-9A1E7A4F7556}") = "Vinorsoft.Core.Interface", "Vinorsoft.Core.Interface\Vinorsoft.Core.Interface.csproj", "{EEFC5C58-8073-4E57-86CC-1B6686CB88DB}"
EndProject
Project("{9A19103F-16F7-4668-BE54-9A1E7A4F7556}") = "Vinorsoft.Core.Utils", "Vinorsoft.Core.Utils\Vinorsoft.Core.Utils.csproj", "{BB5743AA-6DBE-4C4A-83C4-E72590AC6524}"
EndProject
Project("{9A19103F-16F7-4668-BE54-9A1E7A4F7556}") = "Vinorsoft.Core.App", "Vinorsoft.Core.App\Vinorsoft.Core.App.csproj", "{8F0EE183-EF05-40EC-BEEB-DB1FAC006976}"
EndProject
Project("{9A19103F-16F7-4668-BE54-9A1E7A4F7556}") = "Vinorsoft.Notify.DTO", "Vinorsoft.Notify.DTO\Vinorsoft.Notify.DTO.csproj", "{B4E68613-A0C9-49CA-AC66-8E515A2AA785}"
EndProject
Project("{9A19103F-16F7-4668-BE54-9A1E7A4F7556}") = "Vinorsoft.Notify.Interface", "Vinorsoft.Notify.Interface\Vinorsoft.Notify.Interface.csproj", "{CABBF5B5-E359-42E1-B2ED-34BFF751F418}"
EndProject
Project("{9A19103F-16F7-4668-BE54-9A1E7A4F7556}") = "Vinorsoft.Notify", "Vinorsoft.Notify\Vinorsoft.Notify.csproj", "{14004CF0-DC2C-4AFF-A11B-C10321A5080F}"
EndProject
Project("{9A19103F-16F7-4668-BE54-9A1E7A4F7556}") = "Vinorsoft.Notify.Entities", "Vinorsoft.Notify.Entities\Vinorsoft.Notify.Entities.csproj", "{59FDE5FC-524B-4D96-AAB5-BB10838EEA0F}"
EndProject
Project("{9A19103F-16F7-4668-BE54-9A1E7A4F7556}") = "Vinorsoft.Core.MongoDbContext", "Vinorsoft.Core.MongoDbContext\Vinorsoft.Core.MongoDbContext.csproj", "{5094A18D-5F52-4845-BE39-47726923E2F0}"
EndProject
Project("{9A19103F-16F7-4668-BE54-9A1E7A4F7556}") = "Vinorsoft.Core.Mongo.Interface", "Vinorsoft.Core.Mongo.Interface\Vinorsoft.Core.Mongo.Interface.csproj", "{3E901B4C-FC5B-4AF6-A93E-2952B64F2043}"
EndProject
Project("{9A19103F-16F7-4668-BE54-9A1E7A4F7556}") = "Vinorsoft.Notification.AutoMapper", "Vinorsoft.Notification.AutoMapper\Vinorsoft.Notification.AutoMapper.csproj", "{1061FCA5-D4D3-4E42-A65E-4C5C9B29ED27}"
EndProject
Project("{9A19103F-16F7-4668-BE54-9A1E7A4F7556}") = "Vinorsoft.Core.NotiApp.ShareUI", "Vinorsoft.Core.NotiApp.ShareUI\Vinorsoft.Core.NotiApp.ShareUI.csproj", "{F09D7D9B-8599-432A-9E25-8D3D1BA1B712}"
EndProject
Project("{2150E333-8FDC-42A3-9474-1A3956D46DE8}") = "LMS", "LMS", "{122D1723-82F4-4E36-A830-AEE28540C7FF}"
EndProject
Global
	GlobalSection(SolutionConfigurationPlatforms) = preSolution
		Debug|Any CPU = Debug|Any CPU
		Release|Any CPU = Release|Any CPU
	EndGlobalSection
	GlobalSection(ProjectConfigurationPlatforms) = postSolution
		{6739C018-0A90-4C92-A648-9F7338BC8B35}.Debug|Any CPU.ActiveCfg = Debug|Any CPU
		{6739C018-0A90-4C92-A648-9F7338BC8B35}.Debug|Any CPU.Build.0 = Debug|Any CPU
		{6739C018-0A90-4C92-A648-9F7338BC8B35}.Release|Any CPU.ActiveCfg = Debug|Any CPU
		{6739C018-0A90-4C92-A648-9F7338BC8B35}.Release|Any CPU.Build.0 = Debug|Any CPU
		{B48BED81-5DA4-4263-BECB-475095DF94B4}.Debug|Any CPU.ActiveCfg = Debug|Any CPU
		{B48BED81-5DA4-4263-BECB-475095DF94B4}.Debug|Any CPU.Build.0 = Debug|Any CPU
		{B48BED81-5DA4-4263-BECB-475095DF94B4}.Release|Any CPU.ActiveCfg = Debug|Any CPU
		{B48BED81-5DA4-4263-BECB-475095DF94B4}.Release|Any CPU.Build.0 = Debug|Any CPU
		{DB647A66-CCC0-4A26-B613-C67760CC6E37}.Debug|Any CPU.ActiveCfg = Debug|Any CPU
		{DB647A66-CCC0-4A26-B613-C67760CC6E37}.Debug|Any CPU.Build.0 = Debug|Any CPU
		{DB647A66-CCC0-4A26-B613-C67760CC6E37}.Release|Any CPU.ActiveCfg = Debug|Any CPU
		{DB647A66-CCC0-4A26-B613-C67760CC6E37}.Release|Any CPU.Build.0 = Debug|Any CPU
		{0325BC08-F52C-444E-A389-0956461150C8}.Debug|Any CPU.ActiveCfg = Debug|Any CPU
		{0325BC08-F52C-444E-A389-0956461150C8}.Debug|Any CPU.Build.0 = Debug|Any CPU
		{0325BC08-F52C-444E-A389-0956461150C8}.Release|Any CPU.ActiveCfg = Debug|Any CPU
		{0325BC08-F52C-444E-A389-0956461150C8}.Release|Any CPU.Build.0 = Debug|Any CPU
		{0C86770D-CC83-4B67-9FD6-0F92DCED24EC}.Debug|Any CPU.ActiveCfg = Debug|Any CPU
		{0C86770D-CC83-4B67-9FD6-0F92DCED24EC}.Debug|Any CPU.Build.0 = Debug|Any CPU
		{0C86770D-CC83-4B67-9FD6-0F92DCED24EC}.Release|Any CPU.ActiveCfg = Debug|Any CPU
		{0C86770D-CC83-4B67-9FD6-0F92DCED24EC}.Release|Any CPU.Build.0 = Debug|Any CPU
		{AB22D0A6-7FE0-421F-95E4-4CF113ED2FF0}.Debug|Any CPU.ActiveCfg = Debug|Any CPU
		{AB22D0A6-7FE0-421F-95E4-4CF113ED2FF0}.Debug|Any CPU.Build.0 = Debug|Any CPU
		{AB22D0A6-7FE0-421F-95E4-4CF113ED2FF0}.Release|Any CPU.ActiveCfg = Debug|Any CPU
		{AB22D0A6-7FE0-421F-95E4-4CF113ED2FF0}.Release|Any CPU.Build.0 = Debug|Any CPU
		{A38E1958-9054-4EC6-B5C4-AA45AD4199D1}.Debug|Any CPU.ActiveCfg = Debug|Any CPU
		{A38E1958-9054-4EC6-B5C4-AA45AD4199D1}.Debug|Any CPU.Build.0 = Debug|Any CPU
		{A38E1958-9054-4EC6-B5C4-AA45AD4199D1}.Release|Any CPU.ActiveCfg = Debug|Any CPU
		{A38E1958-9054-4EC6-B5C4-AA45AD4199D1}.Release|Any CPU.Build.0 = Debug|Any CPU
		{29935AA0-CD97-4098-8E68-C94D62AB1D3B}.Debug|Any CPU.ActiveCfg = Debug|Any CPU
		{29935AA0-CD97-4098-8E68-C94D62AB1D3B}.Debug|Any CPU.Build.0 = Debug|Any CPU
		{29935AA0-CD97-4098-8E68-C94D62AB1D3B}.Release|Any CPU.ActiveCfg = Release|Any CPU
		{29935AA0-CD97-4098-8E68-C94D62AB1D3B}.Release|Any CPU.Build.0 = Release|Any CPU
		{24896627-F672-4FB8-B47B-FACAAA71EF0C}.Debug|Any CPU.ActiveCfg = Debug|Any CPU
		{24896627-F672-4FB8-B47B-FACAAA71EF0C}.Debug|Any CPU.Build.0 = Debug|Any CPU
		{24896627-F672-4FB8-B47B-FACAAA71EF0C}.Release|Any CPU.ActiveCfg = Debug|Any CPU
		{24896627-F672-4FB8-B47B-FACAAA71EF0C}.Release|Any CPU.Build.0 = Debug|Any CPU
		{340B15B5-982B-471F-BE35-1AFC9B02DC69}.Debug|Any CPU.ActiveCfg = Debug|Any CPU
		{340B15B5-982B-471F-BE35-1AFC9B02DC69}.Debug|Any CPU.Build.0 = Debug|Any CPU
		{340B15B5-982B-471F-BE35-1AFC9B02DC69}.Release|Any CPU.ActiveCfg = Debug|Any CPU
		{340B15B5-982B-471F-BE35-1AFC9B02DC69}.Release|Any CPU.Build.0 = Debug|Any CPU
		{EB797BD6-E5B4-4D00-884D-7610030CB47B}.Debug|Any CPU.ActiveCfg = Debug|Any CPU
		{EB797BD6-E5B4-4D00-884D-7610030CB47B}.Debug|Any CPU.Build.0 = Debug|Any CPU
		{EB797BD6-E5B4-4D00-884D-7610030CB47B}.Release|Any CPU.ActiveCfg = Debug|Any CPU
		{EB797BD6-E5B4-4D00-884D-7610030CB47B}.Release|Any CPU.Build.0 = Debug|Any CPU
		{4A23F9CD-AB46-400B-8411-009DB45B6F24}.Debug|Any CPU.ActiveCfg = Debug|Any CPU
		{4A23F9CD-AB46-400B-8411-009DB45B6F24}.Debug|Any CPU.Build.0 = Debug|Any CPU
		{4A23F9CD-AB46-400B-8411-009DB45B6F24}.Release|Any CPU.ActiveCfg = Debug|Any CPU
		{4A23F9CD-AB46-400B-8411-009DB45B6F24}.Release|Any CPU.Build.0 = Debug|Any CPU
		{D7BF5119-9A5F-4486-9BA9-A11CFB30138D}.Debug|Any CPU.ActiveCfg = Debug|Any CPU
		{D7BF5119-9A5F-4486-9BA9-A11CFB30138D}.Debug|Any CPU.Build.0 = Debug|Any CPU
		{D7BF5119-9A5F-4486-9BA9-A11CFB30138D}.Release|Any CPU.ActiveCfg = Debug|Any CPU
		{D7BF5119-9A5F-4486-9BA9-A11CFB30138D}.Release|Any CPU.Build.0 = Debug|Any CPU
		{EFE7080D-0EAD-4B3F-95C7-E28A7DA0B490}.Debug|Any CPU.ActiveCfg = Debug|Any CPU
		{EFE7080D-0EAD-4B3F-95C7-E28A7DA0B490}.Debug|Any CPU.Build.0 = Debug|Any CPU
		{EFE7080D-0EAD-4B3F-95C7-E28A7DA0B490}.Release|Any CPU.ActiveCfg = Debug|Any CPU
		{EFE7080D-0EAD-4B3F-95C7-E28A7DA0B490}.Release|Any CPU.Build.0 = Debug|Any CPU
		{795BC30D-0855-46A9-B67D-8CF6A20DD559}.Debug|Any CPU.ActiveCfg = Debug|Any CPU
		{795BC30D-0855-46A9-B67D-8CF6A20DD559}.Debug|Any CPU.Build.0 = Debug|Any CPU
		{795BC30D-0855-46A9-B67D-8CF6A20DD559}.Release|Any CPU.ActiveCfg = Release|Any CPU
		{795BC30D-0855-46A9-B67D-8CF6A20DD559}.Release|Any CPU.Build.0 = Release|Any CPU
		{668FD9AD-06A9-403E-BBED-A4DBEAE42A0B}.Debug|Any CPU.ActiveCfg = Debug|Any CPU
		{668FD9AD-06A9-403E-BBED-A4DBEAE42A0B}.Debug|Any CPU.Build.0 = Debug|Any CPU
		{668FD9AD-06A9-403E-BBED-A4DBEAE42A0B}.Release|Any CPU.ActiveCfg = Release|Any CPU
		{668FD9AD-06A9-403E-BBED-A4DBEAE42A0B}.Release|Any CPU.Build.0 = Release|Any CPU
		{432AC701-6FAD-4FAE-A722-346B6E0E329A}.Debug|Any CPU.ActiveCfg = Debug|Any CPU
		{432AC701-6FAD-4FAE-A722-346B6E0E329A}.Debug|Any CPU.Build.0 = Debug|Any CPU
		{432AC701-6FAD-4FAE-A722-346B6E0E329A}.Release|Any CPU.ActiveCfg = Debug|Any CPU
		{432AC701-6FAD-4FAE-A722-346B6E0E329A}.Release|Any CPU.Build.0 = Debug|Any CPU
		{177123F6-CDCB-4017-A9F6-FA5FBF8A9CAB}.Debug|Any CPU.ActiveCfg = Debug|Any CPU
		{177123F6-CDCB-4017-A9F6-FA5FBF8A9CAB}.Debug|Any CPU.Build.0 = Debug|Any CPU
		{177123F6-CDCB-4017-A9F6-FA5FBF8A9CAB}.Release|Any CPU.ActiveCfg = Release|Any CPU
		{177123F6-CDCB-4017-A9F6-FA5FBF8A9CAB}.Release|Any CPU.Build.0 = Release|Any CPU
		{6C5C9E1A-B3AA-48FC-BAA5-CE2F3409A6F8}.Debug|Any CPU.ActiveCfg = Debug|Any CPU
		{6C5C9E1A-B3AA-48FC-BAA5-CE2F3409A6F8}.Debug|Any CPU.Build.0 = Debug|Any CPU
		{6C5C9E1A-B3AA-48FC-BAA5-CE2F3409A6F8}.Release|Any CPU.ActiveCfg = Release|Any CPU
		{6C5C9E1A-B3AA-48FC-BAA5-CE2F3409A6F8}.Release|Any CPU.Build.0 = Release|Any CPU
		{C852E9F1-998A-4591-96EF-10FE23B8B387}.Debug|Any CPU.ActiveCfg = Debug|Any CPU
		{C852E9F1-998A-4591-96EF-10FE23B8B387}.Debug|Any CPU.Build.0 = Debug|Any CPU
		{C852E9F1-998A-4591-96EF-10FE23B8B387}.Release|Any CPU.ActiveCfg = Release|Any CPU
		{C852E9F1-998A-4591-96EF-10FE23B8B387}.Release|Any CPU.Build.0 = Release|Any CPU
		{047BB319-E444-4A00-AE52-9899AB284E7D}.Debug|Any CPU.ActiveCfg = Debug|Any CPU
		{047BB319-E444-4A00-AE52-9899AB284E7D}.Debug|Any CPU.Build.0 = Debug|Any CPU
		{047BB319-E444-4A00-AE52-9899AB284E7D}.Release|Any CPU.ActiveCfg = Release|Any CPU
		{047BB319-E444-4A00-AE52-9899AB284E7D}.Release|Any CPU.Build.0 = Release|Any CPU
		{7E059A77-E951-40D3-AE7E-167157379009}.Debug|Any CPU.ActiveCfg = Debug|Any CPU
		{7E059A77-E951-40D3-AE7E-167157379009}.Debug|Any CPU.Build.0 = Debug|Any CPU
		{7E059A77-E951-40D3-AE7E-167157379009}.Release|Any CPU.ActiveCfg = Release|Any CPU
		{7E059A77-E951-40D3-AE7E-167157379009}.Release|Any CPU.Build.0 = Release|Any CPU
		{F73C82CA-1315-4797-9FA6-DB6C52E3CFF0}.Debug|Any CPU.ActiveCfg = Debug|Any CPU
		{F73C82CA-1315-4797-9FA6-DB6C52E3CFF0}.Debug|Any CPU.Build.0 = Debug|Any CPU
		{F73C82CA-1315-4797-9FA6-DB6C52E3CFF0}.Release|Any CPU.ActiveCfg = Release|Any CPU
		{F73C82CA-1315-4797-9FA6-DB6C52E3CFF0}.Release|Any CPU.Build.0 = Release|Any CPU
		{2DFF9069-5B89-4D8C-8526-7817CA6B60D1}.Debug|Any CPU.ActiveCfg = Debug|Any CPU
		{2DFF9069-5B89-4D8C-8526-7817CA6B60D1}.Debug|Any CPU.Build.0 = Debug|Any CPU
		{2DFF9069-5B89-4D8C-8526-7817CA6B60D1}.Release|Any CPU.ActiveCfg = Release|Any CPU
		{2DFF9069-5B89-4D8C-8526-7817CA6B60D1}.Release|Any CPU.Build.0 = Release|Any CPU
		{EEFC5C58-8073-4E57-86CC-1B6686CB88DB}.Debug|Any CPU.ActiveCfg = Debug|Any CPU
		{EEFC5C58-8073-4E57-86CC-1B6686CB88DB}.Debug|Any CPU.Build.0 = Debug|Any CPU
		{EEFC5C58-8073-4E57-86CC-1B6686CB88DB}.Release|Any CPU.ActiveCfg = Release|Any CPU
		{EEFC5C58-8073-4E57-86CC-1B6686CB88DB}.Release|Any CPU.Build.0 = Release|Any CPU
		{BB5743AA-6DBE-4C4A-83C4-E72590AC6524}.Debug|Any CPU.ActiveCfg = Debug|Any CPU
		{BB5743AA-6DBE-4C4A-83C4-E72590AC6524}.Debug|Any CPU.Build.0 = Debug|Any CPU
		{BB5743AA-6DBE-4C4A-83C4-E72590AC6524}.Release|Any CPU.ActiveCfg = Release|Any CPU
		{BB5743AA-6DBE-4C4A-83C4-E72590AC6524}.Release|Any CPU.Build.0 = Release|Any CPU
		{8F0EE183-EF05-40EC-BEEB-DB1FAC006976}.Debug|Any CPU.ActiveCfg = Debug|Any CPU
		{8F0EE183-EF05-40EC-BEEB-DB1FAC006976}.Debug|Any CPU.Build.0 = Debug|Any CPU
		{8F0EE183-EF05-40EC-BEEB-DB1FAC006976}.Release|Any CPU.ActiveCfg = Release|Any CPU
		{8F0EE183-EF05-40EC-BEEB-DB1FAC006976}.Release|Any CPU.Build.0 = Release|Any CPU
		{B4E68613-A0C9-49CA-AC66-8E515A2AA785}.Debug|Any CPU.ActiveCfg = Debug|Any CPU
		{B4E68613-A0C9-49CA-AC66-8E515A2AA785}.Debug|Any CPU.Build.0 = Debug|Any CPU
		{B4E68613-A0C9-49CA-AC66-8E515A2AA785}.Release|Any CPU.ActiveCfg = Release|Any CPU
		{B4E68613-A0C9-49CA-AC66-8E515A2AA785}.Release|Any CPU.Build.0 = Release|Any CPU
		{CABBF5B5-E359-42E1-B2ED-34BFF751F418}.Debug|Any CPU.ActiveCfg = Debug|Any CPU
		{CABBF5B5-E359-42E1-B2ED-34BFF751F418}.Debug|Any CPU.Build.0 = Debug|Any CPU
		{CABBF5B5-E359-42E1-B2ED-34BFF751F418}.Release|Any CPU.ActiveCfg = Release|Any CPU
		{CABBF5B5-E359-42E1-B2ED-34BFF751F418}.Release|Any CPU.Build.0 = Release|Any CPU
		{14004CF0-DC2C-4AFF-A11B-C10321A5080F}.Debug|Any CPU.ActiveCfg = Debug|Any CPU
		{14004CF0-DC2C-4AFF-A11B-C10321A5080F}.Debug|Any CPU.Build.0 = Debug|Any CPU
		{14004CF0-DC2C-4AFF-A11B-C10321A5080F}.Release|Any CPU.ActiveCfg = Release|Any CPU
		{14004CF0-DC2C-4AFF-A11B-C10321A5080F}.Release|Any CPU.Build.0 = Release|Any CPU
		{59FDE5FC-524B-4D96-AAB5-BB10838EEA0F}.Debug|Any CPU.ActiveCfg = Debug|Any CPU
		{59FDE5FC-524B-4D96-AAB5-BB10838EEA0F}.Debug|Any CPU.Build.0 = Debug|Any CPU
		{59FDE5FC-524B-4D96-AAB5-BB10838EEA0F}.Release|Any CPU.ActiveCfg = Release|Any CPU
		{59FDE5FC-524B-4D96-AAB5-BB10838EEA0F}.Release|Any CPU.Build.0 = Release|Any CPU
		{5094A18D-5F52-4845-BE39-47726923E2F0}.Debug|Any CPU.ActiveCfg = Debug|Any CPU
		{5094A18D-5F52-4845-BE39-47726923E2F0}.Debug|Any CPU.Build.0 = Debug|Any CPU
		{5094A18D-5F52-4845-BE39-47726923E2F0}.Release|Any CPU.ActiveCfg = Release|Any CPU
		{5094A18D-5F52-4845-BE39-47726923E2F0}.Release|Any CPU.Build.0 = Release|Any CPU
		{3E901B4C-FC5B-4AF6-A93E-2952B64F2043}.Debug|Any CPU.ActiveCfg = Debug|Any CPU
		{3E901B4C-FC5B-4AF6-A93E-2952B64F2043}.Debug|Any CPU.Build.0 = Debug|Any CPU
		{3E901B4C-FC5B-4AF6-A93E-2952B64F2043}.Release|Any CPU.ActiveCfg = Release|Any CPU
		{3E901B4C-FC5B-4AF6-A93E-2952B64F2043}.Release|Any CPU.Build.0 = Release|Any CPU
		{1061FCA5-D4D3-4E42-A65E-4C5C9B29ED27}.Debug|Any CPU.ActiveCfg = Debug|Any CPU
		{1061FCA5-D4D3-4E42-A65E-4C5C9B29ED27}.Debug|Any CPU.Build.0 = Debug|Any CPU
		{1061FCA5-D4D3-4E42-A65E-4C5C9B29ED27}.Release|Any CPU.ActiveCfg = Release|Any CPU
		{1061FCA5-D4D3-4E42-A65E-4C5C9B29ED27}.Release|Any CPU.Build.0 = Release|Any CPU
		{F09D7D9B-8599-432A-9E25-8D3D1BA1B712}.Debug|Any CPU.ActiveCfg = Debug|Any CPU
		{F09D7D9B-8599-432A-9E25-8D3D1BA1B712}.Debug|Any CPU.Build.0 = Debug|Any CPU
		{F09D7D9B-8599-432A-9E25-8D3D1BA1B712}.Release|Any CPU.ActiveCfg = Release|Any CPU
		{F09D7D9B-8599-432A-9E25-8D3D1BA1B712}.Release|Any CPU.Build.0 = Release|Any CPU
	EndGlobalSection
	GlobalSection(SolutionProperties) = preSolution
		HideSolutionNode = FALSE
	EndGlobalSection
	GlobalSection(NestedProjects) = preSolution
		{6739C018-0A90-4C92-A648-9F7338BC8B35} = {E19ABD1C-DF6A-4135-9D3C-5E85D7E5F71E}
		{B48BED81-5DA4-4263-BECB-475095DF94B4} = {E19ABD1C-DF6A-4135-9D3C-5E85D7E5F71E}
		{DB647A66-CCC0-4A26-B613-C67760CC6E37} = {345EACEC-7788-4133-A3B7-F01FC5124391}
		{0325BC08-F52C-444E-A389-0956461150C8} = {345EACEC-7788-4133-A3B7-F01FC5124391}
		{0C86770D-CC83-4B67-9FD6-0F92DCED24EC} = {E19ABD1C-DF6A-4135-9D3C-5E85D7E5F71E}
		{AB22D0A6-7FE0-421F-95E4-4CF113ED2FF0} = {E19ABD1C-DF6A-4135-9D3C-5E85D7E5F71E}
		{A38E1958-9054-4EC6-B5C4-AA45AD4199D1} = {E19ABD1C-DF6A-4135-9D3C-5E85D7E5F71E}
		{29935AA0-CD97-4098-8E68-C94D62AB1D3B} = {345EACEC-7788-4133-A3B7-F01FC5124391}
		{24896627-F672-4FB8-B47B-FACAAA71EF0C} = {345EACEC-7788-4133-A3B7-F01FC5124391}
		{340B15B5-982B-471F-BE35-1AFC9B02DC69} = {345EACEC-7788-4133-A3B7-F01FC5124391}
		{EB797BD6-E5B4-4D00-884D-7610030CB47B} = {345EACEC-7788-4133-A3B7-F01FC5124391}
		{4A23F9CD-AB46-400B-8411-009DB45B6F24} = {345EACEC-7788-4133-A3B7-F01FC5124391}
		{D7BF5119-9A5F-4486-9BA9-A11CFB30138D} = {345EACEC-7788-4133-A3B7-F01FC5124391}
		{EFE7080D-0EAD-4B3F-95C7-E28A7DA0B490} = {345EACEC-7788-4133-A3B7-F01FC5124391}
		{795BC30D-0855-46A9-B67D-8CF6A20DD559} = {E19ABD1C-DF6A-4135-9D3C-5E85D7E5F71E}
		{668FD9AD-06A9-403E-BBED-A4DBEAE42A0B} = {345EACEC-7788-4133-A3B7-F01FC5124391}
		{6F35D777-AA99-4D71-94F1-A417DCEF42C9} = {90EFBF3F-74CD-4567-9593-78D52FE3B836}
		{432AC701-6FAD-4FAE-A722-346B6E0E329A} = {6F35D777-AA99-4D71-94F1-A417DCEF42C9}
		{D4E413C2-21F8-4F12-9A84-5159EA1019DC} = {90EFBF3F-74CD-4567-9593-78D52FE3B836}
		{177123F6-CDCB-4017-A9F6-FA5FBF8A9CAB} = {D4E413C2-21F8-4F12-9A84-5159EA1019DC}
		{6C5C9E1A-B3AA-48FC-BAA5-CE2F3409A6F8} = {6F35D777-AA99-4D71-94F1-A417DCEF42C9}
		{C852E9F1-998A-4591-96EF-10FE23B8B387} = {6F35D777-AA99-4D71-94F1-A417DCEF42C9}
		{047BB319-E444-4A00-AE52-9899AB284E7D} = {6F35D777-AA99-4D71-94F1-A417DCEF42C9}
		{7E059A77-E951-40D3-AE7E-167157379009} = {6F35D777-AA99-4D71-94F1-A417DCEF42C9}
		{F73C82CA-1315-4797-9FA6-DB6C52E3CFF0} = {6F35D777-AA99-4D71-94F1-A417DCEF42C9}
		{2DFF9069-5B89-4D8C-8526-7817CA6B60D1} = {6F35D777-AA99-4D71-94F1-A417DCEF42C9}
		{EEFC5C58-8073-4E57-86CC-1B6686CB88DB} = {6F35D777-AA99-4D71-94F1-A417DCEF42C9}
		{BB5743AA-6DBE-4C4A-83C4-E72590AC6524} = {6F35D777-AA99-4D71-94F1-A417DCEF42C9}
		{8F0EE183-EF05-40EC-BEEB-DB1FAC006976} = {6F35D777-AA99-4D71-94F1-A417DCEF42C9}
		{B4E68613-A0C9-49CA-AC66-8E515A2AA785} = {D4E413C2-21F8-4F12-9A84-5159EA1019DC}
		{CABBF5B5-E359-42E1-B2ED-34BFF751F418} = {D4E413C2-21F8-4F12-9A84-5159EA1019DC}
		{14004CF0-DC2C-4AFF-A11B-C10321A5080F} = {D4E413C2-21F8-4F12-9A84-5159EA1019DC}
		{59FDE5FC-524B-4D96-AAB5-BB10838EEA0F} = {D4E413C2-21F8-4F12-9A84-5159EA1019DC}
		{5094A18D-5F52-4845-BE39-47726923E2F0} = {6F35D777-AA99-4D71-94F1-A417DCEF42C9}
		{3E901B4C-FC5B-4AF6-A93E-2952B64F2043} = {6F35D777-AA99-4D71-94F1-A417DCEF42C9}
		{1061FCA5-D4D3-4E42-A65E-4C5C9B29ED27} = {D4E413C2-21F8-4F12-9A84-5159EA1019DC}
		{F09D7D9B-8599-432A-9E25-8D3D1BA1B712} = {D4E413C2-21F8-4F12-9A84-5159EA1019DC}
		{122D1723-82F4-4E36-A830-AEE28540C7FF} = {90EFBF3F-74CD-4567-9593-78D52FE3B836}
	EndGlobalSection
	GlobalSection(ExtensibilityGlobals) = postSolution
		SolutionGuid = {8AC7A057-FA19-4E74-9888-267D90826F2C}
	EndGlobalSection
EndGlobal
